
Microsoft Visual Studio Solution File, Format Version 12.00
# Visual Studio Version 17
VisualStudioVersion = 17.8.34316.72
MinimumVisualStudioVersion = 10.0.40219.1
Project("{FAE04EC0-301F-11D3-BF4B-00C04F79EFBC}") = "ReqnrollQuickstart.Specs", "ReqnrollQuickstart.Specs\ReqnrollQuickstart.Specs.csproj", "{4408B957-D6D8-4334-8E40-A225DB7D5209}"
EndProject
Project("{FAE04EC0-301F-11D3-BF4B-00C04F79EFBC}") = "ReqnrollQuickstart.App", "ReqnrollQuickstart.App\ReqnrollQuickstart.App.csproj", "{98891CEA-0EED-4BDE-A884-C64A9CA388D5}"
EndProject
Global
	GlobalSection(SolutionConfigurationPlatforms) = preSolution
		Debug|Any CPU = Debug|Any CPU
		Release|Any CPU = Release|Any CPU
	EndGlobalSection
	GlobalSection(ProjectConfigurationPlatforms) = postSolution
		{4408B957-D6D8-4334-8E40-A225DB7D5209}.Debug|Any CPU.ActiveCfg = Debug|Any CPU
		{4408B957-D6D8-4334-8E40-A225DB7D5209}.Debug|Any CPU.Build.0 = Debug|Any CPU
		{4408B957-D6D8-4334-8E40-A225DB7D5209}.Release|Any CPU.ActiveCfg = Release|Any CPU
		{4408B957-D6D8-4334-8E40-A225DB7D5209}.Release|Any CPU.Build.0 = Release|Any CPU
		{98891CEA-0EED-4BDE-A884-C64A9CA388D5}.Debug|Any CPU.ActiveCfg = Debug|Any CPU
		{98891CEA-0EED-4BDE-A884-C64A9CA388D5}.Debug|Any CPU.Build.0 = Debug|Any CPU
		{98891CEA-0EED-4BDE-A884-C64A9CA388D5}.Release|Any CPU.ActiveCfg = Release|Any CPU
		{98891CEA-0EED-4BDE-A884-C64A9CA388D5}.Release|Any CPU.Build.0 = Release|Any CPU
	EndGlobalSection
	GlobalSection(SolutionProperties) = preSolution
		HideSolutionNode = FALSE
	EndGlobalSection
	GlobalSection(ExtensibilityGlobals) = postSolution
		SolutionGuid = {3A4151D1-FE77-4163-8587-0D803F3CA2F0}
	EndGlobalSection
EndGlobal
